{
  "originHash" : "b7486b8e13aefe4a8d1ae5570ae5c166d95ae0bc2876d7771e66e87c9834b504",
  "pins" : [
    {
      "identity" : "swift-api-client",
      "kind" : "remoteSourceControl",
      "location" : "https://github.com/no-problem-dev/swift-api-client.git",
      "state" : {
        "revision" : "3ac72a2fcca223e66883904235260a6880fd960c",
        "version" : "1.0.1"
      }
    }
  ],
  "version" : 3
}
